
Microsoft Visual Studio Solution File, Format Version 12.00
# Visual Studio Version 16
VisualStudioVersion = 16.0.31624.102
MinimumVisualStudioVersion = 10.0.40219.1
Project("{FAE04EC0-301F-11D3-BF4B-00C04F79EFBC}") = "DirectoriesAndFiles", "DirectoriesAndFiles\DirectoriesAndFiles.csproj", "{52ED8136-4882-4C32-B10B-EF63714D21DE}"
EndProject
Project("{FAE04EC0-301F-11D3-BF4B-00C04F79EFBC}") = "WishList", "WishList\WishList.csproj", "{EE19D299-AA12-4FA2-93E4-B1450325C679}"
EndProject
Project("{FAE04EC0-301F-11D3-BF4B-00C04F79EFBC}") = "MyWishListFile", "MyWishListFile\MyWishListFile.csproj", "{2C2CB086-657A-4B7B-BC14-C93576ED0D7F}"
EndProject
Project("{FAE04EC0-301F-11D3-BF4B-00C04F79EFBC}") = "MyShoppingList", "MyShoppingList\MyShoppingList.csproj", "{6A92BA9F-57FD-4EE0-A1DA-6B37F7AE62A7}"
EndProject
Project("{FAE04EC0-301F-11D3-BF4B-00C04F79EFBC}") = "ShoppingList", "ShoppingList\ShoppingList.csproj", "{C259DEC1-EDBF-4D5F-AADC-69B2FBE87D01}"
EndProject
Global
	GlobalSection(SolutionConfigurationPlatforms) = preSolution
		Debug|Any CPU = Debug|Any CPU
		Release|Any CPU = Release|Any CPU
	EndGlobalSection
	GlobalSection(ProjectConfigurationPlatforms) = postSolution
		{52ED8136-4882-4C32-B10B-EF63714D21DE}.Debug|Any CPU.ActiveCfg = Debug|Any CPU
		{52ED8136-4882-4C32-B10B-EF63714D21DE}.Debug|Any CPU.Build.0 = Debug|Any CPU
		{52ED8136-4882-4C32-B10B-EF63714D21DE}.Release|Any CPU.ActiveCfg = Release|Any CPU
		{52ED8136-4882-4C32-B10B-EF63714D21DE}.Release|Any CPU.Build.0 = Release|Any CPU
		{EE19D299-AA12-4FA2-93E4-B1450325C679}.Debug|Any CPU.ActiveCfg = Debug|Any CPU
		{EE19D299-AA12-4FA2-93E4-B1450325C679}.Debug|Any CPU.Build.0 = Debug|Any CPU
		{EE19D299-AA12-4FA2-93E4-B1450325C679}.Release|Any CPU.ActiveCfg = Release|Any CPU
		{EE19D299-AA12-4FA2-93E4-B1450325C679}.Release|Any CPU.Build.0 = Release|Any CPU
		{2C2CB086-657A-4B7B-BC14-C93576ED0D7F}.Debug|Any CPU.ActiveCfg = Debug|Any CPU
		{2C2CB086-657A-4B7B-BC14-C93576ED0D7F}.Debug|Any CPU.Build.0 = Debug|Any CPU
		{2C2CB086-657A-4B7B-BC14-C93576ED0D7F}.Release|Any CPU.ActiveCfg = Release|Any CPU
		{2C2CB086-657A-4B7B-BC14-C93576ED0D7F}.Release|Any CPU.Build.0 = Release|Any CPU
		{6A92BA9F-57FD-4EE0-A1DA-6B37F7AE62A7}.Debug|Any CPU.ActiveCfg = Debug|Any CPU
		{6A92BA9F-57FD-4EE0-A1DA-6B37F7AE62A7}.Debug|Any CPU.Build.0 = Debug|Any CPU
		{6A92BA9F-57FD-4EE0-A1DA-6B37F7AE62A7}.Release|Any CPU.ActiveCfg = Release|Any CPU
		{6A92BA9F-57FD-4EE0-A1DA-6B37F7AE62A7}.Release|Any CPU.Build.0 = Release|Any CPU
		{C259DEC1-EDBF-4D5F-AADC-69B2FBE87D01}.Debug|Any CPU.ActiveCfg = Debug|Any CPU
		{C259DEC1-EDBF-4D5F-AADC-69B2FBE87D01}.Debug|Any CPU.Build.0 = Debug|Any CPU
		{C259DEC1-EDBF-4D5F-AADC-69B2FBE87D01}.Release|Any CPU.ActiveCfg = Release|Any CPU
		{C259DEC1-EDBF-4D5F-AADC-69B2FBE87D01}.Release|Any CPU.Build.0 = Release|Any CPU
	EndGlobalSection
	GlobalSection(SolutionProperties) = preSolution
		HideSolutionNode = FALSE
	EndGlobalSection
	GlobalSection(ExtensibilityGlobals) = postSolution
		SolutionGuid = {B6341E9E-8C87-4ADB-9203-320388144818}
	EndGlobalSection
EndGlobal
